
Microsoft Visual Studio Solution File, Format Version 12.00
# Visual Studio Version 17
VisualStudioVersion = 17.1.32328.378
MinimumVisualStudioVersion = 10.0.40219.1
Project("{9A19103F-16F7-4668-BE54-9A1E7A4F7556}") = "FluentValidationApp.Web", "FluentValidationApp.Web\FluentValidationApp.Web.csproj", "{9FCD4E78-D20A-4C6D-88C6-01A6500A7E15}"
EndProject
Project("{9A19103F-16F7-4668-BE54-9A1E7A4F7556}") = "RateLimitt.API", "RateLimitt.API\RateLimitt.API.csproj", "{735EA7AF-4A74-4D60-BF21-F142EEEAA55B}"
EndProject
Project("{FAE04EC0-301F-11D3-BF4B-00C04F79EFBC}") = "SmidgeApp.Web", "SmidgeApp.Web\SmidgeApp.Web.csproj", "{B98B7E69-BA15-4635-AC24-E55B329F49EA}"
EndProject
Global
	GlobalSection(SolutionConfigurationPlatforms) = preSolution
		Debug|Any CPU = Debug|Any CPU
		Release|Any CPU = Release|Any CPU
	EndGlobalSection
	GlobalSection(ProjectConfigurationPlatforms) = postSolution
		{9FCD4E78-D20A-4C6D-88C6-01A6500A7E15}.Debug|Any CPU.ActiveCfg = Debug|Any CPU
		{9FCD4E78-D20A-4C6D-88C6-01A6500A7E15}.Debug|Any CPU.Build.0 = Debug|Any CPU
		{9FCD4E78-D20A-4C6D-88C6-01A6500A7E15}.Release|Any CPU.ActiveCfg = Release|Any CPU
		{9FCD4E78-D20A-4C6D-88C6-01A6500A7E15}.Release|Any CPU.Build.0 = Release|Any CPU
		{735EA7AF-4A74-4D60-BF21-F142EEEAA55B}.Debug|Any CPU.ActiveCfg = Debug|Any CPU
		{735EA7AF-4A74-4D60-BF21-F142EEEAA55B}.Debug|Any CPU.Build.0 = Debug|Any CPU
		{735EA7AF-4A74-4D60-BF21-F142EEEAA55B}.Release|Any CPU.ActiveCfg = Release|Any CPU
		{735EA7AF-4A74-4D60-BF21-F142EEEAA55B}.Release|Any CPU.Build.0 = Release|Any CPU
		{B98B7E69-BA15-4635-AC24-E55B329F49EA}.Debug|Any CPU.ActiveCfg = Debug|Any CPU
		{B98B7E69-BA15-4635-AC24-E55B329F49EA}.Debug|Any CPU.Build.0 = Debug|Any CPU
		{B98B7E69-BA15-4635-AC24-E55B329F49EA}.Release|Any CPU.ActiveCfg = Release|Any CPU
		{B98B7E69-BA15-4635-AC24-E55B329F49EA}.Release|Any CPU.Build.0 = Release|Any CPU
	EndGlobalSection
	GlobalSection(SolutionProperties) = preSolution
		HideSolutionNode = FALSE
	EndGlobalSection
	GlobalSection(ExtensibilityGlobals) = postSolution
		SolutionGuid = {52262986-DDEC-453C-B2DD-097FB0D3FF24}
	EndGlobalSection
EndGlobal
